
Microsoft Visual Studio Solution File, Format Version 12.00
# Visual Studio Version 17
VisualStudioVersion = 17.3.32922.545
MinimumVisualStudioVersion = 10.0.40219.1
Project("{FAE04EC0-301F-11D3-BF4B-00C04F79EFBC}") = "OCR_on_screenshot", "OCR_on_screenshot\OCR_on_screenshot.csproj", "{724F9238-9195-4537-93B3-00472EDEF13F}"
EndProject
Global
	GlobalSection(SolutionConfigurationPlatforms) = preSolution
		Debug|Any CPU = Debug|Any CPU
		Release|Any CPU = Release|Any CPU
	EndGlobalSection
	GlobalSection(ProjectConfigurationPlatforms) = postSolution
		{724F9238-9195-4537-93B3-00472EDEF13F}.Debug|Any CPU.ActiveCfg = Debug|Any CPU
		{724F9238-9195-4537-93B3-00472EDEF13F}.Debug|Any CPU.Build.0 = Debug|Any CPU
		{724F9238-9195-4537-93B3-00472EDEF13F}.Release|Any CPU.ActiveCfg = Release|Any CPU
		{724F9238-9195-4537-93B3-00472EDEF13F}.Release|Any CPU.Build.0 = Release|Any CPU
	EndGlobalSection
	GlobalSection(SolutionProperties) = preSolution
		HideSolutionNode = FALSE
	EndGlobalSection
	GlobalSection(ExtensibilityGlobals) = postSolution
		SolutionGuid = {1E111FD6-3613-499B-A243-C66769C6A43A}
	EndGlobalSection
EndGlobal
